
Microsoft Visual Studio Solution File, Format Version 12.00
# Visual Studio Version 17
VisualStudioVersion = 17.8.34408.163
MinimumVisualStudioVersion = 10.0.40219.1
Project("{FAE04EC0-301F-11D3-BF4B-00C04F79EFBC}") = "BulkyWeb", "BulkyWeb\BulkyWeb.csproj", "{CF8F9885-F917-4435-AADE-AE255CF6DD67}"
EndProject
Global
	GlobalSection(SolutionConfigurationPlatforms) = preSolution
		Debug|Any CPU = Debug|Any CPU
		Release|Any CPU = Release|Any CPU
	EndGlobalSection
	GlobalSection(ProjectConfigurationPlatforms) = postSolution
		{CF8F9885-F917-4435-AADE-AE255CF6DD67}.Debug|Any CPU.ActiveCfg = Debug|Any CPU
		{CF8F9885-F917-4435-AADE-AE255CF6DD67}.Debug|Any CPU.Build.0 = Debug|Any CPU
		{CF8F9885-F917-4435-AADE-AE255CF6DD67}.Release|Any CPU.ActiveCfg = Release|Any CPU
		{CF8F9885-F917-4435-AADE-AE255CF6DD67}.Release|Any CPU.Build.0 = Release|Any CPU
	EndGlobalSection
	GlobalSection(SolutionProperties) = preSolution
		HideSolutionNode = FALSE
	EndGlobalSection
	GlobalSection(ExtensibilityGlobals) = postSolution
		SolutionGuid = {CF17B29C-4290-486E-B7F4-460FC1755D83}
	EndGlobalSection
EndGlobal
